{
  "originHash" : "40a11683580d7e601632386a35482ffcbe8a22d846af7a03b1db3d91f47304e0",
  "pins" : [
    {
      "identity" : "swift-http-types",
      "kind" : "remoteSourceControl",
      "location" : "https://github.com/apple/swift-http-types",
      "state" : {
        "revision" : "bff4b6903cdc99dda49649dd52f46c11cfd3ed50",
        "version" : "1.8.0"
      }
    },
    {
      "identity" : "swift-openapi-runtime",
      "kind" : "remoteSourceControl",
      "location" : "https://github.com/apple/swift-openapi-runtime",
      "state" : {
        "revision" : "9e53df53e043b53046a371b31aaf0a1e26eef946",
        "version" : "1.12.1"
      }
    }
  ],
  "version" : 3
}
